
Microsoft Visual Studio Solution File, Format Version 12.00
# Visual Studio Version 17
VisualStudioVersion = 17.10.34928.147
MinimumVisualStudioVersion = 10.0.40219.1
Project("{FAE04EC0-301F-11D3-BF4B-00C04F79EFBC}") = "CleanCode_Introduction", "CleanCode_Introduction\CleanCode_Introduction.csproj", "{1280E687-92E8-42FB-8FA3-45B1E52B1712}"
EndProject
Project("{FAE04EC0-301F-11D3-BF4B-00C04F79EFBC}") = "Special Convention for naming private fields", "Special Convention for naming private fields\Special Convention for naming private fields.csproj", "{A78BB4DD-D5CD-4ED6-85AA-3B62D727A3B2}"
EndProject
Global
	GlobalSection(SolutionConfigurationPlatforms) = preSolution
		Debug|Any CPU = Debug|Any CPU
		Release|Any CPU = Release|Any CPU
	EndGlobalSection
	GlobalSection(ProjectConfigurationPlatforms) = postSolution
		{1280E687-92E8-42FB-8FA3-45B1E52B1712}.Debug|Any CPU.ActiveCfg = Debug|Any CPU
		{1280E687-92E8-42FB-8FA3-45B1E52B1712}.Debug|Any CPU.Build.0 = Debug|Any CPU
		{1280E687-92E8-42FB-8FA3-45B1E52B1712}.Release|Any CPU.ActiveCfg = Release|Any CPU
		{1280E687-92E8-42FB-8FA3-45B1E52B1712}.Release|Any CPU.Build.0 = Release|Any CPU
		{A78BB4DD-D5CD-4ED6-85AA-3B62D727A3B2}.Debug|Any CPU.ActiveCfg = Debug|Any CPU
		{A78BB4DD-D5CD-4ED6-85AA-3B62D727A3B2}.Debug|Any CPU.Build.0 = Debug|Any CPU
		{A78BB4DD-D5CD-4ED6-85AA-3B62D727A3B2}.Release|Any CPU.ActiveCfg = Release|Any CPU
		{A78BB4DD-D5CD-4ED6-85AA-3B62D727A3B2}.Release|Any CPU.Build.0 = Release|Any CPU
	EndGlobalSection
	GlobalSection(SolutionProperties) = preSolution
		HideSolutionNode = FALSE
	EndGlobalSection
	GlobalSection(ExtensibilityGlobals) = postSolution
		SolutionGuid = {86CDDB64-D69D-4308-93A2-3AE357D7BDAA}
	EndGlobalSection
EndGlobal
